
Microsoft Visual Studio Solution File, Format Version 12.00
# Visual Studio Version 17
VisualStudioVersion = 17.3.32804.467
MinimumVisualStudioVersion = 10.0.40219.1
Project("{8BC9CEB8-8B4A-11D0-8D11-00A0C91BC942}") = "test.cpp_10_07.template", "test.cpp_10_07.template\test.cpp_10_07.template.vcxproj", "{17506E6C-8BB2-44CE-90B0-FD3AC1753B19}"
EndProject
Global
	GlobalSection(SolutionConfigurationPlatforms) = preSolution
		Debug|x64 = Debug|x64
		Debug|x86 = Debug|x86
		Release|x64 = Release|x64
		Release|x86 = Release|x86
	EndGlobalSection
	GlobalSection(ProjectConfigurationPlatforms) = postSolution
		{17506E6C-8BB2-44CE-90B0-FD3AC1753B19}.Debug|x64.ActiveCfg = Debug|x64
		{17506E6C-8BB2-44CE-90B0-FD3AC1753B19}.Debug|x64.Build.0 = Debug|x64
		{17506E6C-8BB2-44CE-90B0-FD3AC1753B19}.Debug|x86.ActiveCfg = Debug|Win32
		{17506E6C-8BB2-44CE-90B0-FD3AC1753B19}.Debug|x86.Build.0 = Debug|Win32
		{17506E6C-8BB2-44CE-90B0-FD3AC1753B19}.Release|x64.ActiveCfg = Release|x64
		{17506E6C-8BB2-44CE-90B0-FD3AC1753B19}.Release|x64.Build.0 = Release|x64
		{17506E6C-8BB2-44CE-90B0-FD3AC1753B19}.Release|x86.ActiveCfg = Release|Win32
		{17506E6C-8BB2-44CE-90B0-FD3AC1753B19}.Release|x86.Build.0 = Release|Win32
	EndGlobalSection
	GlobalSection(SolutionProperties) = preSolution
		HideSolutionNode = FALSE
	EndGlobalSection
	GlobalSection(ExtensibilityGlobals) = postSolution
		SolutionGuid = {AA15551E-B447-4525-8910-2C66FAE24ABD}
	EndGlobalSection
EndGlobal
