
Microsoft Visual Studio Solution File, Format Version 12.00
# Visual Studio Version 17
VisualStudioVersion = 17.3.32804.467
MinimumVisualStudioVersion = 10.0.40219.1
Project("{8BC9CEB8-8B4A-11D0-8D11-00A0C91BC942}") = "test.cpp_10_08.iostream", "test.cpp_10_08.iostream\test.cpp_10_08.iostream.vcxproj", "{EEBEEF9F-C9EA-47CB-9DA3-CD03A268C71C}"
EndProject
Global
	GlobalSection(SolutionConfigurationPlatforms) = preSolution
		Debug|x64 = Debug|x64
		Debug|x86 = Debug|x86
		Release|x64 = Release|x64
		Release|x86 = Release|x86
	EndGlobalSection
	GlobalSection(ProjectConfigurationPlatforms) = postSolution
		{EEBEEF9F-C9EA-47CB-9DA3-CD03A268C71C}.Debug|x64.ActiveCfg = Debug|x64
		{EEBEEF9F-C9EA-47CB-9DA3-CD03A268C71C}.Debug|x64.Build.0 = Debug|x64
		{EEBEEF9F-C9EA-47CB-9DA3-CD03A268C71C}.Debug|x86.ActiveCfg = Debug|Win32
		{EEBEEF9F-C9EA-47CB-9DA3-CD03A268C71C}.Debug|x86.Build.0 = Debug|Win32
		{EEBEEF9F-C9EA-47CB-9DA3-CD03A268C71C}.Release|x64.ActiveCfg = Release|x64
		{EEBEEF9F-C9EA-47CB-9DA3-CD03A268C71C}.Release|x64.Build.0 = Release|x64
		{EEBEEF9F-C9EA-47CB-9DA3-CD03A268C71C}.Release|x86.ActiveCfg = Release|Win32
		{EEBEEF9F-C9EA-47CB-9DA3-CD03A268C71C}.Release|x86.Build.0 = Release|Win32
	EndGlobalSection
	GlobalSection(SolutionProperties) = preSolution
		HideSolutionNode = FALSE
	EndGlobalSection
	GlobalSection(ExtensibilityGlobals) = postSolution
		SolutionGuid = {61EAC542-65D8-4101-B30C-86F32E62B164}
	EndGlobalSection
EndGlobal
