
Microsoft Visual Studio Solution File, Format Version 12.00
# Visual Studio Version 17
VisualStudioVersion = 17.3.32804.467
MinimumVisualStudioVersion = 10.0.40219.1
Project("{8BC9CEB8-8B4A-11D0-8D11-00A0C91BC942}") = "test.cpp_10_20.set_map", "test.cpp_10_20.set_map\test.cpp_10_20.set_map.vcxproj", "{7980A6C9-F640-464E-94FE-31689DDD36F9}"
EndProject
Global
	GlobalSection(SolutionConfigurationPlatforms) = preSolution
		Debug|x64 = Debug|x64
		Debug|x86 = Debug|x86
		Release|x64 = Release|x64
		Release|x86 = Release|x86
	EndGlobalSection
	GlobalSection(ProjectConfigurationPlatforms) = postSolution
		{7980A6C9-F640-464E-94FE-31689DDD36F9}.Debug|x64.ActiveCfg = Debug|x64
		{7980A6C9-F640-464E-94FE-31689DDD36F9}.Debug|x64.Build.0 = Debug|x64
		{7980A6C9-F640-464E-94FE-31689DDD36F9}.Debug|x86.ActiveCfg = Debug|Win32
		{7980A6C9-F640-464E-94FE-31689DDD36F9}.Debug|x86.Build.0 = Debug|Win32
		{7980A6C9-F640-464E-94FE-31689DDD36F9}.Release|x64.ActiveCfg = Release|x64
		{7980A6C9-F640-464E-94FE-31689DDD36F9}.Release|x64.Build.0 = Release|x64
		{7980A6C9-F640-464E-94FE-31689DDD36F9}.Release|x86.ActiveCfg = Release|Win32
		{7980A6C9-F640-464E-94FE-31689DDD36F9}.Release|x86.Build.0 = Release|Win32
	EndGlobalSection
	GlobalSection(SolutionProperties) = preSolution
		HideSolutionNode = FALSE
	EndGlobalSection
	GlobalSection(ExtensibilityGlobals) = postSolution
		SolutionGuid = {9B99D2BD-3296-4285-8873-8D5E98DF6B37}
	EndGlobalSection
EndGlobal
