
Microsoft Visual Studio Solution File, Format Version 12.00
# Visual Studio Version 17
VisualStudioVersion = 17.3.32804.467
MinimumVisualStudioVersion = 10.0.40219.1
Project("{8BC9CEB8-8B4A-11D0-8D11-00A0C91BC942}") = "test.c_9_17", "test.c_9_17\test.c_9_17.vcxproj", "{7197E0BD-697B-4BE1-94A2-C6F2F5C9E7AF}"
EndProject
Global
	GlobalSection(SolutionConfigurationPlatforms) = preSolution
		Debug|x64 = Debug|x64
		Debug|x86 = Debug|x86
		Release|x64 = Release|x64
		Release|x86 = Release|x86
	EndGlobalSection
	GlobalSection(ProjectConfigurationPlatforms) = postSolution
		{7197E0BD-697B-4BE1-94A2-C6F2F5C9E7AF}.Debug|x64.ActiveCfg = Debug|x64
		{7197E0BD-697B-4BE1-94A2-C6F2F5C9E7AF}.Debug|x64.Build.0 = Debug|x64
		{7197E0BD-697B-4BE1-94A2-C6F2F5C9E7AF}.Debug|x86.ActiveCfg = Debug|Win32
		{7197E0BD-697B-4BE1-94A2-C6F2F5C9E7AF}.Debug|x86.Build.0 = Debug|Win32
		{7197E0BD-697B-4BE1-94A2-C6F2F5C9E7AF}.Release|x64.ActiveCfg = Release|x64
		{7197E0BD-697B-4BE1-94A2-C6F2F5C9E7AF}.Release|x64.Build.0 = Release|x64
		{7197E0BD-697B-4BE1-94A2-C6F2F5C9E7AF}.Release|x86.ActiveCfg = Release|Win32
		{7197E0BD-697B-4BE1-94A2-C6F2F5C9E7AF}.Release|x86.Build.0 = Release|Win32
	EndGlobalSection
	GlobalSection(SolutionProperties) = preSolution
		HideSolutionNode = FALSE
	EndGlobalSection
	GlobalSection(ExtensibilityGlobals) = postSolution
		SolutionGuid = {B552E54D-E486-4A7C-B07D-641B5997881A}
	EndGlobalSection
EndGlobal
