
Microsoft Visual Studio Solution File, Format Version 12.00
# Visual Studio Version 17
VisualStudioVersion = 17.3.32804.467
MinimumVisualStudioVersion = 10.0.40219.1
Project("{8BC9CEB8-8B4A-11D0-8D11-00A0C91BC942}") = "leetcode._11_13.791", "leetcode._11_13.791\leetcode._11_13.791.vcxproj", "{F59353E8-7FAC-487C-8D41-3877A16EB7EB}"
EndProject
Global
	GlobalSection(SolutionConfigurationPlatforms) = preSolution
		Debug|x64 = Debug|x64
		Debug|x86 = Debug|x86
		Release|x64 = Release|x64
		Release|x86 = Release|x86
	EndGlobalSection
	GlobalSection(ProjectConfigurationPlatforms) = postSolution
		{F59353E8-7FAC-487C-8D41-3877A16EB7EB}.Debug|x64.ActiveCfg = Debug|x64
		{F59353E8-7FAC-487C-8D41-3877A16EB7EB}.Debug|x64.Build.0 = Debug|x64
		{F59353E8-7FAC-487C-8D41-3877A16EB7EB}.Debug|x86.ActiveCfg = Debug|Win32
		{F59353E8-7FAC-487C-8D41-3877A16EB7EB}.Debug|x86.Build.0 = Debug|Win32
		{F59353E8-7FAC-487C-8D41-3877A16EB7EB}.Release|x64.ActiveCfg = Release|x64
		{F59353E8-7FAC-487C-8D41-3877A16EB7EB}.Release|x64.Build.0 = Release|x64
		{F59353E8-7FAC-487C-8D41-3877A16EB7EB}.Release|x86.ActiveCfg = Release|Win32
		{F59353E8-7FAC-487C-8D41-3877A16EB7EB}.Release|x86.Build.0 = Release|Win32
	EndGlobalSection
	GlobalSection(SolutionProperties) = preSolution
		HideSolutionNode = FALSE
	EndGlobalSection
	GlobalSection(ExtensibilityGlobals) = postSolution
		SolutionGuid = {9D1C0629-BE5E-4781-904E-212F4B1DFEF2}
	EndGlobalSection
EndGlobal
