
Microsoft Visual Studio Solution File, Format Version 12.00
# Visual Studio Version 17
VisualStudioVersion = 17.3.32804.467
MinimumVisualStudioVersion = 10.0.40219.1
Project("{8BC9CEB8-8B4A-11D0-8D11-00A0C91BC942}") = "leetcode._11_08.1684", "leetcode._11_08.1684\leetcode._11_08.1684.vcxproj", "{1AF9AA88-9A0B-4BEF-A9F1-F6252F314A52}"
EndProject
Global
	GlobalSection(SolutionConfigurationPlatforms) = preSolution
		Debug|x64 = Debug|x64
		Debug|x86 = Debug|x86
		Release|x64 = Release|x64
		Release|x86 = Release|x86
	EndGlobalSection
	GlobalSection(ProjectConfigurationPlatforms) = postSolution
		{1AF9AA88-9A0B-4BEF-A9F1-F6252F314A52}.Debug|x64.ActiveCfg = Debug|x64
		{1AF9AA88-9A0B-4BEF-A9F1-F6252F314A52}.Debug|x64.Build.0 = Debug|x64
		{1AF9AA88-9A0B-4BEF-A9F1-F6252F314A52}.Debug|x86.ActiveCfg = Debug|Win32
		{1AF9AA88-9A0B-4BEF-A9F1-F6252F314A52}.Debug|x86.Build.0 = Debug|Win32
		{1AF9AA88-9A0B-4BEF-A9F1-F6252F314A52}.Release|x64.ActiveCfg = Release|x64
		{1AF9AA88-9A0B-4BEF-A9F1-F6252F314A52}.Release|x64.Build.0 = Release|x64
		{1AF9AA88-9A0B-4BEF-A9F1-F6252F314A52}.Release|x86.ActiveCfg = Release|Win32
		{1AF9AA88-9A0B-4BEF-A9F1-F6252F314A52}.Release|x86.Build.0 = Release|Win32
	EndGlobalSection
	GlobalSection(SolutionProperties) = preSolution
		HideSolutionNode = FALSE
	EndGlobalSection
	GlobalSection(ExtensibilityGlobals) = postSolution
		SolutionGuid = {8ACC7AC1-0FB6-498C-814C-A05F6B32523B}
	EndGlobalSection
EndGlobal
